
Microsoft Visual Studio Solution File, Format Version 12.00
# Visual Studio 15
VisualStudioVersion = 15.0.26730.16
MinimumVisualStudioVersion = 10.0.40219.1
Project("{9A19103F-16F7-4668-BE54-9A1E7A4F7556}") = "LTM.Api", "LTM.Api\LTM.Api.csproj", "{C9C2DFEC-F96A-46D0-983D-874C3D15B3CB}"
EndProject
Project("{2150E333-8FDC-42A3-9474-1A3956D46DE8}") = "01 - API", "01 - API", "{FE0D20EB-8019-4452-86AB-15D08FB4D4C9}"
EndProject
Project("{2150E333-8FDC-42A3-9474-1A3956D46DE8}") = "02 - Entity DAL", "02 - Entity DAL", "{8415C1EB-6B41-44E3-B0EA-DCC590432F11}"
EndProject
Project("{9A19103F-16F7-4668-BE54-9A1E7A4F7556}") = "LTM.Entity.DAL", "LTM.Entity.DAL\LTM.Entity.DAL.csproj", "{60EF2FFB-2F1F-49A7-9227-20B79A8B76B3}"
EndProject
Project("{2150E333-8FDC-42A3-9474-1A3956D46DE8}") = "03 - DAL", "03 - DAL", "{B1B122AF-26CE-4183-95E0-6C71E2205FC0}"
EndProject
Project("{FAE04EC0-301F-11D3-BF4B-00C04F79EFBC}") = "LTM.DAL", "LTM.DAL\LTM.DAL.csproj", "{FEC71608-B088-4449-AB5F-829BB1EF5DA0}"
EndProject
Global
	GlobalSection(SolutionConfigurationPlatforms) = preSolution
		Debug|Any CPU = Debug|Any CPU
		Release|Any CPU = Release|Any CPU
	EndGlobalSection
	GlobalSection(ProjectConfigurationPlatforms) = postSolution
		{C9C2DFEC-F96A-46D0-983D-874C3D15B3CB}.Debug|Any CPU.ActiveCfg = Debug|Any CPU
		{C9C2DFEC-F96A-46D0-983D-874C3D15B3CB}.Debug|Any CPU.Build.0 = Debug|Any CPU
		{C9C2DFEC-F96A-46D0-983D-874C3D15B3CB}.Release|Any CPU.ActiveCfg = Release|Any CPU
		{C9C2DFEC-F96A-46D0-983D-874C3D15B3CB}.Release|Any CPU.Build.0 = Release|Any CPU
		{60EF2FFB-2F1F-49A7-9227-20B79A8B76B3}.Debug|Any CPU.ActiveCfg = Debug|Any CPU
		{60EF2FFB-2F1F-49A7-9227-20B79A8B76B3}.Debug|Any CPU.Build.0 = Debug|Any CPU
		{60EF2FFB-2F1F-49A7-9227-20B79A8B76B3}.Release|Any CPU.ActiveCfg = Release|Any CPU
		{60EF2FFB-2F1F-49A7-9227-20B79A8B76B3}.Release|Any CPU.Build.0 = Release|Any CPU
		{FEC71608-B088-4449-AB5F-829BB1EF5DA0}.Debug|Any CPU.ActiveCfg = Debug|Any CPU
		{FEC71608-B088-4449-AB5F-829BB1EF5DA0}.Debug|Any CPU.Build.0 = Debug|Any CPU
		{FEC71608-B088-4449-AB5F-829BB1EF5DA0}.Release|Any CPU.ActiveCfg = Release|Any CPU
		{FEC71608-B088-4449-AB5F-829BB1EF5DA0}.Release|Any CPU.Build.0 = Release|Any CPU
	EndGlobalSection
	GlobalSection(SolutionProperties) = preSolution
		HideSolutionNode = FALSE
	EndGlobalSection
	GlobalSection(NestedProjects) = preSolution
		{C9C2DFEC-F96A-46D0-983D-874C3D15B3CB} = {FE0D20EB-8019-4452-86AB-15D08FB4D4C9}
		{60EF2FFB-2F1F-49A7-9227-20B79A8B76B3} = {8415C1EB-6B41-44E3-B0EA-DCC590432F11}
		{FEC71608-B088-4449-AB5F-829BB1EF5DA0} = {B1B122AF-26CE-4183-95E0-6C71E2205FC0}
	EndGlobalSection
	GlobalSection(ExtensibilityGlobals) = postSolution
		SolutionGuid = {392C3A1A-B0BE-48B0-B273-2E73E330A53C}
	EndGlobalSection
EndGlobal
