
Microsoft Visual Studio Solution File, Format Version 12.00
# Visual Studio 15
VisualStudioVersion = 15.0.26730.16
MinimumVisualStudioVersion = 10.0.40219.1
Project("{9A19103F-16F7-4668-BE54-9A1E7A4F7556}") = "LTM.Api", "LTM.Api\LTM.Api.csproj", "{C9C2DFEC-F96A-46D0-983D-874C3D15B3CB}"
EndProject
Project("{2150E333-8FDC-42A3-9474-1A3956D46DE8}") = "01 - API", "01 - API", "{FE0D20EB-8019-4452-86AB-15D08FB4D4C9}"
EndProject
Project("{2150E333-8FDC-42A3-9474-1A3956D46DE8}") = "02 - Entity DAL", "02 - Entity DAL", "{8415C1EB-6B41-44E3-B0EA-DCC590432F11}"
EndProject
Project("{9A19103F-16F7-4668-BE54-9A1E7A4F7556}") = "LTM.Entity.DAL", "LTM.Entity.DAL\LTM.Entity.DAL.csproj", "{60EF2FFB-2F1F-49A7-9227-20B79A8B76B3}"
EndProject
Project("{2150E333-8FDC-42A3-9474-1A3956D46DE8}") = "03 - DAL", "03 - DAL", "{B1B122AF-26CE-4183-95E0-6C71E2205FC0}"
EndProject
Project("{9A19103F-16F7-4668-BE54-9A1E7A4F7556}") = "LTM.DAL", "LTM.DAL\LTM.DAL.csproj", "{FEC71608-B088-4449-AB5F-829BB1EF5DA0}"
EndProject
Project("{2150E333-8FDC-42A3-9474-1A3956D46DE8}") = "04 - Entity API", "04 - Entity API", "{49228899-8C6B-4800-9107-6E7433D48FCE}"
EndProject
Project("{9A19103F-16F7-4668-BE54-9A1E7A4F7556}") = "LTM.Entity.API", "LTM.Entity.API\LTM.Entity.API.csproj", "{30F82864-7CB1-4414-8081-B107A312EF75}"
EndProject
Project("{2150E333-8FDC-42A3-9474-1A3956D46DE8}") = "05 - MVC", "05 - MVC", "{9F232AB5-D528-49FA-988E-7FF401D28005}"
EndProject
Project("{FAE04EC0-301F-11D3-BF4B-00C04F79EFBC}") = "LTM.View", "LTM.View\LTM.View.csproj", "{3F814B13-53EA-4971-AFB3-97DD94B212FB}"
EndProject
Project("{2150E333-8FDC-42A3-9474-1A3956D46DE8}") = "06 - JWT", "06 - JWT", "{722B343D-DD02-46A0-9E1C-2757562AF5B2}"
EndProject
Project("{FAE04EC0-301F-11D3-BF4B-00C04F79EFBC}") = "LTM.JWT", "LTM.JWT\LTM.JWT.csproj", "{83EF774E-0539-46CA-8C1D-D07E09C324E1}"
EndProject
Project("{2150E333-8FDC-42A3-9474-1A3956D46DE8}") = "Script SQL", "Script SQL", "{104872E0-46BE-464C-8A5B-9425BE8D7F59}"
	ProjectSection(SolutionItems) = preProject
		ScriptTabelas.sql = ScriptTabelas.sql
	EndProjectSection
EndProject
Global
	GlobalSection(SolutionConfigurationPlatforms) = preSolution
		Debug|Any CPU = Debug|Any CPU
		Release|Any CPU = Release|Any CPU
	EndGlobalSection
	GlobalSection(ProjectConfigurationPlatforms) = postSolution
		{C9C2DFEC-F96A-46D0-983D-874C3D15B3CB}.Debug|Any CPU.ActiveCfg = Debug|Any CPU
		{C9C2DFEC-F96A-46D0-983D-874C3D15B3CB}.Debug|Any CPU.Build.0 = Debug|Any CPU
		{C9C2DFEC-F96A-46D0-983D-874C3D15B3CB}.Release|Any CPU.ActiveCfg = Release|Any CPU
		{C9C2DFEC-F96A-46D0-983D-874C3D15B3CB}.Release|Any CPU.Build.0 = Release|Any CPU
		{60EF2FFB-2F1F-49A7-9227-20B79A8B76B3}.Debug|Any CPU.ActiveCfg = Debug|Any CPU
		{60EF2FFB-2F1F-49A7-9227-20B79A8B76B3}.Debug|Any CPU.Build.0 = Debug|Any CPU
		{60EF2FFB-2F1F-49A7-9227-20B79A8B76B3}.Release|Any CPU.ActiveCfg = Release|Any CPU
		{60EF2FFB-2F1F-49A7-9227-20B79A8B76B3}.Release|Any CPU.Build.0 = Release|Any CPU
		{FEC71608-B088-4449-AB5F-829BB1EF5DA0}.Debug|Any CPU.ActiveCfg = Debug|Any CPU
		{FEC71608-B088-4449-AB5F-829BB1EF5DA0}.Debug|Any CPU.Build.0 = Debug|Any CPU
		{FEC71608-B088-4449-AB5F-829BB1EF5DA0}.Release|Any CPU.ActiveCfg = Release|Any CPU
		{FEC71608-B088-4449-AB5F-829BB1EF5DA0}.Release|Any CPU.Build.0 = Release|Any CPU
		{30F82864-7CB1-4414-8081-B107A312EF75}.Debug|Any CPU.ActiveCfg = Debug|Any CPU
		{30F82864-7CB1-4414-8081-B107A312EF75}.Debug|Any CPU.Build.0 = Debug|Any CPU
		{30F82864-7CB1-4414-8081-B107A312EF75}.Release|Any CPU.ActiveCfg = Release|Any CPU
		{30F82864-7CB1-4414-8081-B107A312EF75}.Release|Any CPU.Build.0 = Release|Any CPU
		{3F814B13-53EA-4971-AFB3-97DD94B212FB}.Debug|Any CPU.ActiveCfg = Debug|Any CPU
		{3F814B13-53EA-4971-AFB3-97DD94B212FB}.Debug|Any CPU.Build.0 = Debug|Any CPU
		{3F814B13-53EA-4971-AFB3-97DD94B212FB}.Release|Any CPU.ActiveCfg = Release|Any CPU
		{3F814B13-53EA-4971-AFB3-97DD94B212FB}.Release|Any CPU.Build.0 = Release|Any CPU
		{83EF774E-0539-46CA-8C1D-D07E09C324E1}.Debug|Any CPU.ActiveCfg = Debug|Any CPU
		{83EF774E-0539-46CA-8C1D-D07E09C324E1}.Debug|Any CPU.Build.0 = Debug|Any CPU
		{83EF774E-0539-46CA-8C1D-D07E09C324E1}.Release|Any CPU.ActiveCfg = Release|Any CPU
		{83EF774E-0539-46CA-8C1D-D07E09C324E1}.Release|Any CPU.Build.0 = Release|Any CPU
	EndGlobalSection
	GlobalSection(SolutionProperties) = preSolution
		HideSolutionNode = FALSE
	EndGlobalSection
	GlobalSection(NestedProjects) = preSolution
		{C9C2DFEC-F96A-46D0-983D-874C3D15B3CB} = {FE0D20EB-8019-4452-86AB-15D08FB4D4C9}
		{60EF2FFB-2F1F-49A7-9227-20B79A8B76B3} = {8415C1EB-6B41-44E3-B0EA-DCC590432F11}
		{FEC71608-B088-4449-AB5F-829BB1EF5DA0} = {B1B122AF-26CE-4183-95E0-6C71E2205FC0}
		{30F82864-7CB1-4414-8081-B107A312EF75} = {49228899-8C6B-4800-9107-6E7433D48FCE}
		{3F814B13-53EA-4971-AFB3-97DD94B212FB} = {9F232AB5-D528-49FA-988E-7FF401D28005}
		{83EF774E-0539-46CA-8C1D-D07E09C324E1} = {722B343D-DD02-46A0-9E1C-2757562AF5B2}
	EndGlobalSection
	GlobalSection(ExtensibilityGlobals) = postSolution
		SolutionGuid = {392C3A1A-B0BE-48B0-B273-2E73E330A53C}
	EndGlobalSection
EndGlobal
